# This file is automatically @generated by Poetry 2.2.1 and should not be changed by hand.

[[package]]
name = "anyio"
version = "4.6.0"
description = "High level compatibility layer for multiple asynchronous event loop implementations"
optional = false
python-versions = ">=3.9"
groups = ["main"]
files = [
    {file = "anyio-4.6.0-py3-none-any.whl", hash = "sha256:c7d2e9d63e31599eeb636c8c5c03a7e108d73b345f064f1c19fdc87b79036a9a"},
    {file = "anyio-4.6.0.tar.gz", hash = "sha256:137b4559cbb034c477165047febb6ff83f390fc3b20bf181c1fc0a728cb8beeb"},
]

[package.dependencies]
idna = ">=2.8"
sniffio = ">=1.1"

[package.extras]
doc = ["Sphinx (>=7.4,<8.0)", "packaging", "sphinx-autodoc-typehints (>=1.2.0)", "sphinx-rtd-theme"]
test = ["anyio[trio]", "coverage[toml] (>=7)", "exceptiongroup (>=1.2.0)", "hypothesis (>=4.0)", "psutil (>=5.9)", "pytest (>=7.0)", "pytest-mock (>=3.6.1)", "trustme", "uvloop (>=0.21.0b1) ; platform_python_implementation == \"CPython\" and platform_system != \"Windows\""]
trio = ["trio (>=0.26.1)"]

[[package]]
name = "attrs"
version = "23.2.0"
description = "Classes Without Boilerplate"
optional = false
python-versions = ">=3.7"
groups = ["main"]
files = [
    {file = "attrs-23.2.0-py3-none-any.whl", hash = "sha256:99b87a485a5820b23b879f04c2305b44b951b502fd64be915879d77a7e8fc6f1"},
    {file = "attrs-23.2.0.tar.gz", hash = "sha256:935dc3b529c262f6cf76e50877d35a4bd3c1de194fd41f47a2b7ae8f19971f30"},
]

[package.extras]
cov = ["attrs[tests]", "coverage[toml] (>=5.3)"]
dev = ["attrs[tests]", "pre-commit"]
docs = ["furo", "myst-parser", "sphinx", "sphinx-notfound-page", "sphinxcontrib-towncrier", "towncrier", "zope-interface"]
tests = ["attrs[tests-no-zope]", "zope-interface"]
tests-mypy = ["mypy (>=1.6) ; platform_python_implementation == \"CPython\" and python_version >= \"3.8\"", "pytest-mypy-plugins ; platform_python_implementation == \"CPython\" and python_version >= \"3.8\""]
tests-no-zope = ["attrs[tests-mypy]", "cloudpickle ; platform_python_implementation == \"CPython\"", "hypothesis", "pympler", "pytest (>=4.3.0)", "pytest-xdist[psutil]"]

[[package]]
name = "certifi"
version = "2024.8.30"
description = "Python package for providing Mozilla's CA Bundle."
optional = false
python-versions = ">=3.6"
groups = ["main"]
files = [
    {file = "certifi-2024.8.30-py3-none-any.whl", hash = "sha256:922820b53db7a7257ffbda3f597266d435245903d80737e34f8a45ff3e3230d8"},
    {file = "certifi-2024.8.30.tar.gz", hash = "sha256:bec941d2aa8195e248a60b31ff9f0558284cf01a52591ceda73ea9afffd69fd9"},
]

[[package]]
name = "e2b"
version = "1.2.0"
description = "E2B SDK that give agents cloud environments"
optional = false
python-versions = "<4.0,>=3.9"
groups = ["main"]
files = [
    {file = "e2b-1.2.0-py3-none-any.whl", hash = "sha256:604acc943e0f7e6dd0a7688341fa19c288d7a1275b863ccd62fec2985d18757c"},
    {file = "e2b-1.2.0.tar.gz", hash = "sha256:ffeddf23e1808873214e1930cac3e317fb8708e3be3a22106e193b1b39c48123"},
]

[package.dependencies]
attrs = ">=23.2.0"
httpcore = ">=1.0.5,<2.0.0"
httpx = ">=0.27.0,<1.0.0"
packaging = ">=24.1"
protobuf = ">=3.20.0,<6.0.0"
python-dateutil = ">=2.8.2"
typing-extensions = ">=4.1.0"

[[package]]
name = "e2b-code-interpreter"
version = "1.1.1"
description = "E2B Code Interpreter - Stateful code execution"
optional = false
python-versions = "<4.0,>=3.9"
groups = ["main"]
files = [
    {file = "e2b_code_interpreter-1.1.1-py3-none-any.whl", hash = "sha256:f56450b192456f24df89b9159d1067d50c7133d587ab12116144638969409578"},
    {file = "e2b_code_interpreter-1.1.1.tar.gz", hash = "sha256:b13091f75fc127ad3a268b8746e5da996c6734f432e606fcd4f3897a5b1c2bf0"},
]

[package.dependencies]
attrs = ">=21.3.0"
e2b = ">=1.0.4,<2.0.0"
httpx = ">=0.20.0,<1.0.0"

[[package]]
name = "h11"
version = "0.16.0"
description = "A pure-Python, bring-your-own-I/O implementation of HTTP/1.1"
optional = false
python-versions = ">=3.8"
groups = ["main"]
files = [
    {file = "h11-0.16.0-py3-none-any.whl", hash = "sha256:63cf8bbe7522de3bf65932fda1d9c2772064ffb3dae62d55932da54b31cb6c86"},
    {file = "h11-0.16.0.tar.gz", hash = "sha256:4e35b956cf45792e4caa5885e69fba00bdbc6ffafbfa020300e549b208ee5ff1"},
]

[[package]]
name = "httpcore"
version = "1.0.9"
description = "A minimal low-level HTTP client."
optional = false
python-versions = ">=3.8"
groups = ["main"]
files = [
    {file = "httpcore-1.0.9-py3-none-any.whl", hash = "sha256:2d400746a40668fc9dec9810239072b40b4484b640a8c38fd654a024c7a1bf55"},
    {file = "httpcore-1.0.9.tar.gz", hash = "sha256:6e34463af53fd2ab5d807f399a9b45ea31c3dfa2276f15a2c3f00afff6e176e8"},
]

[package.dependencies]
certifi = "*"
h11 = ">=0.16"

[package.extras]
asyncio = ["anyio (>=4.0,<5.0)"]
http2 = ["h2 (>=3,<5)"]
socks = ["socksio (==1.*)"]
trio = ["trio (>=0.22.0,<1.0)"]

[[package]]
name = "httpx"
version = "0.27.2"
description = "The next generation HTTP client."
optional = false
python-versions = ">=3.8"
groups = ["main"]
files = [
    {file = "httpx-0.27.2-py3-none-any.whl", hash = "sha256:7bb2708e112d8fdd7829cd4243970f0c223274051cb35ee80c03301ee29a3df0"},
    {file = "httpx-0.27.2.tar.gz", hash = "sha256:f7c2be1d2f3c3c3160d441802406b206c2b76f5947b11115e6df10c6c65e66c2"},
]

[package.dependencies]
anyio = "*"
certifi = "*"
httpcore = "==1.*"
idna = "*"
sniffio = "*"

[package.extras]
brotli = ["brotli ; platform_python_implementation == \"CPython\"", "brotlicffi ; platform_python_implementation != \"CPython\""]
cli = ["click (==8.*)", "pygments (==2.*)", "rich (>=10,<14)"]
http2 = ["h2 (>=3,<5)"]
socks = ["socksio (==1.*)"]
zstd = ["zstandard (>=0.18.0)"]

[[package]]
name = "idna"
version = "3.10"
description = "Internationalized Domain Names in Applications (IDNA)"
optional = false
python-versions = ">=3.6"
groups = ["main"]
files = [
    {file = "idna-3.10-py3-none-any.whl", hash = "sha256:946d195a0d259cbba61165e88e65941f16e9b36ea6ddb97f00452bae8b1287d3"},
    {file = "idna-3.10.tar.gz", hash = "sha256:12f65c9b470abda6dc35cf8e63cc574b1c52b11df2c86030af0ac09b01b13ea9"},
]

[package.extras]
all = ["flake8 (>=7.1.1)", "mypy (>=1.11.2)", "pytest (>=8.3.2)", "ruff (>=0.6.2)"]

[[package]]
name = "packaging"
version = "24.1"
description = "Core utilities for Python packages"
optional = false
python-versions = ">=3.8"
groups = ["main"]
files = [
    {file = "packaging-24.1-py3-none-any.whl", hash = "sha256:5b8f2217dbdbd2f7f384c41c628544e6d52f2d0f53c6d0c3ea61aa5d1d7ff124"},
    {file = "packaging-24.1.tar.gz", hash = "sha256:026ed72c8ed3fcce5bf8950572258698927fd1dbda10a5e981cdf0ac37f4f002"},
]

[[package]]
name = "protobuf"
version = "5.29.6"
description = ""
optional = false
python-versions = ">=3.8"
groups = ["main"]
files = [
    {file = "protobuf-5.29.6-cp310-abi3-win32.whl", hash = "sha256:62e8a3114992c7c647bce37dcc93647575fc52d50e48de30c6fcb28a6a291eb1"},
    {file = "protobuf-5.29.6-cp310-abi3-win_amd64.whl", hash = "sha256:7e6ad413275be172f67fdee0f43484b6de5a904cc1c3ea9804cb6fe2ff366eda"},
    {file = "protobuf-5.29.6-cp38-abi3-macosx_10_9_universal2.whl", hash = "sha256:b5a169e664b4057183a34bdc424540e86eea47560f3c123a0d64de4e137f9269"},
    {file = "protobuf-5.29.6-cp38-abi3-manylinux2014_aarch64.whl", hash = "sha256:a8866b2cff111f0f863c1b3b9e7572dc7eaea23a7fae27f6fc613304046483e6"},
    {file = "protobuf-5.29.6-cp38-abi3-manylinux2014_x86_64.whl", hash = "sha256:e3387f44798ac1106af0233c04fb8abf543772ff241169946f698b3a9a3d3ab9"},
    {file = "protobuf-5.29.6-cp38-cp38-win32.whl", hash = "sha256:36ade6ff88212e91aef4e687a971a11d7d24d6948a66751abc1b3238648f5d05"},
    {file = "protobuf-5.29.6-cp38-cp38-win_amd64.whl", hash = "sha256:831e2da16b6cc9d8f1654c041dd594eda43391affd3c03a91bea7f7f6da106d6"},
    {file = "protobuf-5.29.6-cp39-cp39-win32.whl", hash = "sha256:cb4c86de9cd8a7f3a256b9744220d87b847371c6b2f10bde87768918ef33ba49"},
    {file = "protobuf-5.29.6-cp39-cp39-win_amd64.whl", hash = "sha256:76e07e6567f8baf827137e8d5b8204b6c7b6488bbbff1bf0a72b383f77999c18"},
    {file = "protobuf-5.29.6-py3-none-any.whl", hash = "sha256:6b9edb641441b2da9fa8f428760fc136a49cf97a52076010cf22a2ff73438a86"},
    {file = "protobuf-5.29.6.tar.gz", hash = "sha256:da9ee6a5424b6b30fd5e45c5ea663aef540ca95f9ad99d1e887e819cdf9b8723"},
]

[[package]]
name = "python-dateutil"
version = "2.9.0.post0"
description = "Extensions to the standard Python datetime module"
optional = false
python-versions = "!=3.0.*,!=3.1.*,!=3.2.*,>=2.7"
groups = ["main"]
files = [
    {file = "python-dateutil-2.9.0.post0.tar.gz", hash = "sha256:37dd54208da7e1cd875388217d5e00ebd4179249f90fb72437e91a35459a0ad3"},
    {file = "python_dateutil-2.9.0.post0-py2.py3-none-any.whl", hash = "sha256:a8b2bc7bffae282281c8140a97d3aa9c14da0b136dfe83f850eea9a5f7470427"},
]

[package.dependencies]
six = ">=1.5"

[[package]]
name = "python-dotenv"
version = "1.0.1"
description = "Read key-value pairs from a .env file and set them as environment variables"
optional = false
python-versions = ">=3.8"
groups = ["main"]
files = [
    {file = "python-dotenv-1.0.1.tar.gz", hash = "sha256:e324ee90a023d808f1959c46bcbc04446a10ced277783dc6ee09987c37ec10ca"},
    {file = "python_dotenv-1.0.1-py3-none-any.whl", hash = "sha256:f7b63ef50f1b690dddf550d03497b66d609393b40b564ed0d674909a68ebf16a"},
]

[package.extras]
cli = ["click (>=5.0)"]

[[package]]
name = "six"
version = "1.16.0"
description = "Python 2 and 3 compatibility utilities"
optional = false
python-versions = ">=2.7, !=3.0.*, !=3.1.*, !=3.2.*"
groups = ["main"]
files = [
    {file = "six-1.16.0-py2.py3-none-any.whl", hash = "sha256:8abb2f1d86890a2dfb989f9a77cfcfd3e47c2a354b01111771326f8aa26e0254"},
    {file = "six-1.16.0.tar.gz", hash = "sha256:1e61c37477a1626458e36f7b1d82aa5c9b094fa4802892072e49de9c60c4c926"},
]

[[package]]
name = "sniffio"
version = "1.3.1"
description = "Sniff out which async library your code is running under"
optional = false
python-versions = ">=3.7"
groups = ["main"]
files = [
    {file = "sniffio-1.3.1-py3-none-any.whl", hash = "sha256:2f6da418d1f1e0fddd844478f41680e794e6051915791a034ff65e5f100525a2"},
    {file = "sniffio-1.3.1.tar.gz", hash = "sha256:f4324edc670a0f49750a81b895f35c3adb843cca46f0530f79fc1babb23789dc"},
]

[[package]]
name = "typing-extensions"
version = "4.12.2"
description = "Backported and Experimental Type Hints for Python 3.8+"
optional = false
python-versions = ">=3.8"
groups = ["main"]
files = [
    {file = "typing_extensions-4.12.2-py3-none-any.whl", hash = "sha256:04e5ca0351e0f3f85c6853954072df659d0d13fac324d0072316b67d7794700d"},
    {file = "typing_extensions-4.12.2.tar.gz", hash = "sha256:1a7ead55c7e559dd4dee8856e3a88b41225abfe1ce8df57b7c13915fe121ffb8"},
]

[metadata]
lock-version = "2.1"
python-versions = "^3.11"
content-hash = "3e3099486c3f346f0edee105219446e1261f1c3e152a18822eecfaa2a9855a8e"
